
Microsoft Visual Studio Solution File, Format Version 12.00
# Visual Studio Version 17
VisualStudioVersion = 17.13.35806.99 d17.13
MinimumVisualStudioVersion = 10.0.40219.1
Project("{FAE04EC0-301F-11D3-BF4B-00C04F79EFBC}") = "BlueprintReferenceViewer_UE5", "BlueprintReferenceViewer_UE5\BlueprintReferenceViewer_UE5.csproj", "{A642B1E7-B5E9-4B23-B4AC-BE62D59D54A5}"
EndProject
Project("{FAE04EC0-301F-11D3-BF4B-00C04F79EFBC}") = "CUE4Parse", "CUE4Parse\CUE4Parse\CUE4Parse.csproj", "{709E71E6-6D7B-2E64-5877-172907498BE6}"
EndProject
Global
	GlobalSection(SolutionConfigurationPlatforms) = preSolution
		Debug|Any CPU = Debug|Any CPU
		Release|Any CPU = Release|Any CPU
	EndGlobalSection
	GlobalSection(ProjectConfigurationPlatforms) = postSolution
		{A642B1E7-B5E9-4B23-B4AC-BE62D59D54A5}.Debug|Any CPU.ActiveCfg = Debug|Any CPU
		{A642B1E7-B5E9-4B23-B4AC-BE62D59D54A5}.Debug|Any CPU.Build.0 = Debug|Any CPU
		{A642B1E7-B5E9-4B23-B4AC-BE62D59D54A5}.Release|Any CPU.ActiveCfg = Release|Any CPU
		{A642B1E7-B5E9-4B23-B4AC-BE62D59D54A5}.Release|Any CPU.Build.0 = Release|Any CPU
		{709E71E6-6D7B-2E64-5877-172907498BE6}.Debug|Any CPU.ActiveCfg = Debug|Any CPU
		{709E71E6-6D7B-2E64-5877-172907498BE6}.Debug|Any CPU.Build.0 = Debug|Any CPU
		{709E71E6-6D7B-2E64-5877-172907498BE6}.Release|Any CPU.ActiveCfg = Release|Any CPU
		{709E71E6-6D7B-2E64-5877-172907498BE6}.Release|Any CPU.Build.0 = Release|Any CPU
	EndGlobalSection
	GlobalSection(SolutionProperties) = preSolution
		HideSolutionNode = FALSE
	EndGlobalSection
	GlobalSection(ExtensibilityGlobals) = postSolution
		SolutionGuid = {DFFA87CD-3D1E-4D93-BE5C-6DD65F3904B8}
	EndGlobalSection
EndGlobal
